
Microsoft Visual Studio Solution File, Format Version 12.00
# Visual Studio Version 17
VisualStudioVersion = 17.4.33103.184
MinimumVisualStudioVersion = 10.0.40219.1
Project("{9A19103F-16F7-4668-BE54-9A1E7A4F7556}") = "HttpHost", "HttpHost\HttpHost.csproj", "{6365167C-DB7D-4A0A-9F3B-251DFF7F9508}"
	ProjectSection(ProjectDependencies) = postProject
		{DB8610FB-1571-4499-9483-2D9C4F878BEE} = {DB8610FB-1571-4499-9483-2D9C4F878BEE}
		{E0690F8C-DD3F-4A0B-9425-4BD8B77CF18F} = {E0690F8C-DD3F-4A0B-9425-4BD8B77CF18F}
	EndProjectSection
EndProject
Project("{2150E333-8FDC-42A3-9474-1A3956D46DE8}") = "Tests", "Tests", "{11E7FA54-50D2-4009-ADCE-D260FF5D4A23}"
EndProject
Project("{9A19103F-16F7-4668-BE54-9A1E7A4F7556}") = "FunctionalTests", "FunctionalTests\FunctionalTests.csproj", "{2F523EE7-D7A6-42FE-976C-8E312D1B9FB3}"
EndProject
Project("{2150E333-8FDC-42A3-9474-1A3956D46DE8}") = "Source", "Source", "{931DEB7B-6CC9-4801-9DEE-D6B5346F5025}"
EndProject
Project("{9A19103F-16F7-4668-BE54-9A1E7A4F7556}") = "HttpHost.Domain", "HttpHost.Domain\HttpHost.Domain.csproj", "{E0690F8C-DD3F-4A0B-9425-4BD8B77CF18F}"
EndProject
Project("{9A19103F-16F7-4668-BE54-9A1E7A4F7556}") = "HttpHost.Services", "HttpHost.Services\HttpHost.Services.csproj", "{DB8610FB-1571-4499-9483-2D9C4F878BEE}"
EndProject
Project("{FAE04EC0-301F-11D3-BF4B-00C04F79EFBC}") = "HttpHost.Database", "HttpHost.Database\HttpHost.Database.csproj", "{C63965EB-E860-4FDC-A5A4-CECD2F410EC3}"
EndProject
Global
	GlobalSection(SolutionConfigurationPlatforms) = preSolution
		Debug|Any CPU = Debug|Any CPU
		Release|Any CPU = Release|Any CPU
	EndGlobalSection
	GlobalSection(ProjectConfigurationPlatforms) = postSolution
		{6365167C-DB7D-4A0A-9F3B-251DFF7F9508}.Debug|Any CPU.ActiveCfg = Debug|Any CPU
		{6365167C-DB7D-4A0A-9F3B-251DFF7F9508}.Debug|Any CPU.Build.0 = Debug|Any CPU
		{6365167C-DB7D-4A0A-9F3B-251DFF7F9508}.Release|Any CPU.ActiveCfg = Release|Any CPU
		{6365167C-DB7D-4A0A-9F3B-251DFF7F9508}.Release|Any CPU.Build.0 = Release|Any CPU
		{2F523EE7-D7A6-42FE-976C-8E312D1B9FB3}.Debug|Any CPU.ActiveCfg = Debug|Any CPU
		{2F523EE7-D7A6-42FE-976C-8E312D1B9FB3}.Debug|Any CPU.Build.0 = Debug|Any CPU
		{2F523EE7-D7A6-42FE-976C-8E312D1B9FB3}.Release|Any CPU.ActiveCfg = Release|Any CPU
		{2F523EE7-D7A6-42FE-976C-8E312D1B9FB3}.Release|Any CPU.Build.0 = Release|Any CPU
		{E0690F8C-DD3F-4A0B-9425-4BD8B77CF18F}.Debug|Any CPU.ActiveCfg = Debug|Any CPU
		{E0690F8C-DD3F-4A0B-9425-4BD8B77CF18F}.Debug|Any CPU.Build.0 = Debug|Any CPU
		{E0690F8C-DD3F-4A0B-9425-4BD8B77CF18F}.Release|Any CPU.ActiveCfg = Release|Any CPU
		{E0690F8C-DD3F-4A0B-9425-4BD8B77CF18F}.Release|Any CPU.Build.0 = Release|Any CPU
		{DB8610FB-1571-4499-9483-2D9C4F878BEE}.Debug|Any CPU.ActiveCfg = Debug|Any CPU
		{DB8610FB-1571-4499-9483-2D9C4F878BEE}.Debug|Any CPU.Build.0 = Debug|Any CPU
		{DB8610FB-1571-4499-9483-2D9C4F878BEE}.Release|Any CPU.ActiveCfg = Release|Any CPU
		{DB8610FB-1571-4499-9483-2D9C4F878BEE}.Release|Any CPU.Build.0 = Release|Any CPU
		{C63965EB-E860-4FDC-A5A4-CECD2F410EC3}.Debug|Any CPU.ActiveCfg = Debug|Any CPU
		{C63965EB-E860-4FDC-A5A4-CECD2F410EC3}.Debug|Any CPU.Build.0 = Debug|Any CPU
		{C63965EB-E860-4FDC-A5A4-CECD2F410EC3}.Release|Any CPU.ActiveCfg = Release|Any CPU
		{C63965EB-E860-4FDC-A5A4-CECD2F410EC3}.Release|Any CPU.Build.0 = Release|Any CPU
	EndGlobalSection
	GlobalSection(SolutionProperties) = preSolution
		HideSolutionNode = FALSE
	EndGlobalSection
	GlobalSection(NestedProjects) = preSolution
		{6365167C-DB7D-4A0A-9F3B-251DFF7F9508} = {931DEB7B-6CC9-4801-9DEE-D6B5346F5025}
		{2F523EE7-D7A6-42FE-976C-8E312D1B9FB3} = {11E7FA54-50D2-4009-ADCE-D260FF5D4A23}
		{E0690F8C-DD3F-4A0B-9425-4BD8B77CF18F} = {931DEB7B-6CC9-4801-9DEE-D6B5346F5025}
		{DB8610FB-1571-4499-9483-2D9C4F878BEE} = {931DEB7B-6CC9-4801-9DEE-D6B5346F5025}
		{C63965EB-E860-4FDC-A5A4-CECD2F410EC3} = {931DEB7B-6CC9-4801-9DEE-D6B5346F5025}
	EndGlobalSection
	GlobalSection(ExtensibilityGlobals) = postSolution
		SolutionGuid = {59313827-9365-427E-9294-202E335DAF36}
	EndGlobalSection
EndGlobal
